# This file is automatically @generated by Cargo.
# It is not intended for manual editing.
version = 3

[[package]]
name = "cc"
version = "1.1.36"
source = "registry+https://github.com/rust-lang/crates.io-index"
checksum = "baee610e9452a8f6f0a1b6194ec09ff9e2d85dea54432acdae41aa0761c95d70"
dependencies = [
 "shlex",
]

[[package]]
name = "rquickjs"
version = "0.6.2"
source = "registry+https://github.com/rust-lang/crates.io-index"
checksum = "9cbd33e0b668aea0ab238b9164523aca929096f9f40834700d71d91dd4888882"
dependencies = [
 "rquickjs-core",
]

[[package]]
name = "rquickjs-core"
version = "0.6.2"
source = "registry+https://github.com/rust-lang/crates.io-index"
checksum = "2e9129d69b7b8f7ee8ad1da5b12c7f4a8a8acd45f2e6dd9cb2ee1bc5a1f2fa3d"
dependencies = [
 "rquickjs-sys",
]

[[package]]
name = "rquickjs-sys"
version = "0.6.2"
source = "registry+https://github.com/rust-lang/crates.io-index"
checksum = "bf6f2288d8e7fbb5130f62cf720451641e99d55f6fde9db86aa2914ecb553fd2"
dependencies = [
 "cc",
]

[[package]]
name = "rstab"
version = "0.1.0"
dependencies = [
 "rquickjs",
]

[[package]]
name = "shlex"
version = "1.3.0"
source = "registry+https://github.com/rust-lang/crates.io-index"
checksum = "0fda2ff0d084019ba4d7c6f371c95d8fd75ce3524c3cb8fb653a3023f6323e64"
